
Microsoft Visual Studio Solution File, Format Version 12.00
# Visual Studio Version 17
VisualStudioVersion = 17.11.35222.181
MinimumVisualStudioVersion = 10.0.40219.1
Project("{FAE04EC0-301F-11D3-BF4B-00C04F79EFBC}") = "S2", "S2\S2.csproj", "{D9196FB7-E6D5-47E0-8CAC-33444DD4F619}"
EndProject
Global
	GlobalSection(SolutionConfigurationPlatforms) = preSolution
		Debug|Any CPU = Debug|Any CPU
		Release|Any CPU = Release|Any CPU
	EndGlobalSection
	GlobalSection(ProjectConfigurationPlatforms) = postSolution
		{D9196FB7-E6D5-47E0-8CAC-33444DD4F619}.Debug|Any CPU.ActiveCfg = Debug|Any CPU
		{D9196FB7-E6D5-47E0-8CAC-33444DD4F619}.Debug|Any CPU.Build.0 = Debug|Any CPU
		{D9196FB7-E6D5-47E0-8CAC-33444DD4F619}.Release|Any CPU.ActiveCfg = Release|Any CPU
		{D9196FB7-E6D5-47E0-8CAC-33444DD4F619}.Release|Any CPU.Build.0 = Release|Any CPU
	EndGlobalSection
	GlobalSection(SolutionProperties) = preSolution
		HideSolutionNode = FALSE
	EndGlobalSection
	GlobalSection(ExtensibilityGlobals) = postSolution
		SolutionGuid = {B96D455F-F004-42B3-8CC9-03F3AD39106E}
	EndGlobalSection
EndGlobal
